<?xml version="1.0" encoding="utf-8"?>
<Project ToolsVersion="4.0" xmlns="http://schemas.microsoft.com/developer/msbuild/2003">
  <ItemGroup>
    <Filter Include="Proyecto">
      <UniqueIdentifier>{67DA6AB6-F800-4c08-8B7A-83BB121AAD01}</UniqueIdentifier>
      <Extensions>rc;ico;cur;bmp;dlg;rc2;rct;bin;rgs;gif;jpg;jpeg;jpe;resx;tiff;tif;png;wav;mfcribbon-ms</Extensions>
    </Filter>
    <Filter Include="Proyecto\Arreglo">
      <UniqueIdentifier>{d11e3263-6036-47f6-8dbb-455df601da98}</UniqueIdentifier>
    </Filter>
    <Filter Include="Proyecto\ui">
      <UniqueIdentifier>{78a4da6b-0abd-4a22-8117-32b2f679895a}</UniqueIdentifier>
    </Filter>
    <Filter Include="Proyecto\utils">
      <UniqueIdentifier>{0822b636-3bfe-4aa8-b46c-bfa626cb8098}</UniqueIdentifier>
    </Filter>
  </ItemGroup>
  <ItemGroup>
    <ClCompile Include="Arreglo.cpp">
      <Filter>Proyecto\Arreglo</Filter>
    </ClCompile>
    <ClCompile Include="main.cpp">
      <Filter>Proyecto</Filter>
    </ClCompile>
    <ClCompile Include="Menu.cpp">
      <Filter>Proyecto\ui</Filter>
    </ClCompile>
  </ItemGroup>
  <ItemGroup>
    <ClInclude Include="Arreglo.h">
      <Filter>Proyecto\Arreglo</Filter>
    </ClInclude>
    <ClInclude Include="Menu.h">
      <Filter>Proyecto\ui</Filter>
    </ClInclude>
    <ClInclude Include="Timer.h">
      <Filter>Proyecto\utils</Filter>
    </ClInclude>
  </ItemGroup>
</Project>